
Microsoft Visual Studio Solution File, Format Version 12.00
# Visual Studio Version 17
VisualStudioVersion = 17.3.32929.385
MinimumVisualStudioVersion = 10.0.40219.1
Project("{FAE04EC0-301F-11D3-BF4B-00C04F79EFBC}") = "Front to back-Flowers", "Front to back-Flowers\Front to back-Flowers.csproj", "{2CCAA457-8380-43EC-9FAF-847D8A413C20}"
EndProject
Global
	GlobalSection(SolutionConfigurationPlatforms) = preSolution
		Debug|Any CPU = Debug|Any CPU
		Release|Any CPU = Release|Any CPU
	EndGlobalSection
	GlobalSection(ProjectConfigurationPlatforms) = postSolution
		{2CCAA457-8380-43EC-9FAF-847D8A413C20}.Debug|Any CPU.ActiveCfg = Debug|Any CPU
		{2CCAA457-8380-43EC-9FAF-847D8A413C20}.Debug|Any CPU.Build.0 = Debug|Any CPU
		{2CCAA457-8380-43EC-9FAF-847D8A413C20}.Release|Any CPU.ActiveCfg = Release|Any CPU
		{2CCAA457-8380-43EC-9FAF-847D8A413C20}.Release|Any CPU.Build.0 = Release|Any CPU
	EndGlobalSection
	GlobalSection(SolutionProperties) = preSolution
		HideSolutionNode = FALSE
	EndGlobalSection
	GlobalSection(ExtensibilityGlobals) = postSolution
		SolutionGuid = {A365CB4E-E465-4473-AC80-300A2BAE8C0E}
	EndGlobalSection
EndGlobal
